github.com/ycliu912/goutils v0.1.0 h1:WSIjBimF+Q9dup79/YBfB+yjmK/BUbu99X2t6xAI5pI=
github.com/ycliu912/goutils v0.1.0/go.mod h1:bFJpmdb/4d2vCMlQ2sLITHfgILOQaARbJ4yt9sjyZkg=
github.com/ycliu912/goutils v0.1.1 h1:r2V5K+lln17US9RqbhntTWT/ppjtexawke7NPy1mrt0=
github.com/ycliu912/goutils v0.1.1/go.mod h1:bFJpmdb/4d2vCMlQ2sLITHfgILOQaARbJ4yt9sjyZkg=
github.com/ycliu912/goutils v0.1.2 h1:RXxJOPM3SKgZIxJg62tlha3RclxHlZ9cvSL7MN0y7U0=
github.com/ycliu912/goutils v0.1.2/go.mod h1:bFJpmdb/4d2vCMlQ2sLITHfgILOQaARbJ4yt9sjyZkg=
